
Microsoft Visual Studio Solution File, Format Version 12.00
# Visual Studio Version 17
VisualStudioVersion = 17.6.33723.286
MinimumVisualStudioVersion = 10.0.40219.1
Project("{FAE04EC0-301F-11D3-BF4B-00C04F79EFBC}") = "Bibliotekarz.App", "Bibliotekarz.App\Bibliotekarz.App.csproj", "{C861AE00-D65D-4973-9028-84F8DC0D1C2D}"
EndProject
Global
	GlobalSection(SolutionConfigurationPlatforms) = preSolution
		Debug|Any CPU = Debug|Any CPU
		Release|Any CPU = Release|Any CPU
	EndGlobalSection
	GlobalSection(ProjectConfigurationPlatforms) = postSolution
		{C861AE00-D65D-4973-9028-84F8DC0D1C2D}.Debug|Any CPU.ActiveCfg = Debug|Any CPU
		{C861AE00-D65D-4973-9028-84F8DC0D1C2D}.Debug|Any CPU.Build.0 = Debug|Any CPU
		{C861AE00-D65D-4973-9028-84F8DC0D1C2D}.Release|Any CPU.ActiveCfg = Release|Any CPU
		{C861AE00-D65D-4973-9028-84F8DC0D1C2D}.Release|Any CPU.Build.0 = Release|Any CPU
	EndGlobalSection
	GlobalSection(SolutionProperties) = preSolution
		HideSolutionNode = FALSE
	EndGlobalSection
	GlobalSection(ExtensibilityGlobals) = postSolution
		SolutionGuid = {861F3723-2A55-4AE8-88F1-956CF476210E}
	EndGlobalSection
EndGlobal
